
Microsoft Visual Studio Solution File, Format Version 12.00
# Visual Studio Version 17
VisualStudioVersion = 17.4.33403.182
MinimumVisualStudioVersion = 10.0.40219.1
Project("{FAE04EC0-301F-11D3-BF4B-00C04F79EFBC}") = "Chernikova_lr1", "Chernikova_lr1\Chernikova_lr1.csproj", "{50005686-6A33-4AE4-BF62-14AEED5D64FF}"
EndProject
Global
	GlobalSection(SolutionConfigurationPlatforms) = preSolution
		Debug|Any CPU = Debug|Any CPU
		Release|Any CPU = Release|Any CPU
	EndGlobalSection
	GlobalSection(ProjectConfigurationPlatforms) = postSolution
		{50005686-6A33-4AE4-BF62-14AEED5D64FF}.Debug|Any CPU.ActiveCfg = Debug|Any CPU
		{50005686-6A33-4AE4-BF62-14AEED5D64FF}.Debug|Any CPU.Build.0 = Debug|Any CPU
		{50005686-6A33-4AE4-BF62-14AEED5D64FF}.Release|Any CPU.ActiveCfg = Release|Any CPU
		{50005686-6A33-4AE4-BF62-14AEED5D64FF}.Release|Any CPU.Build.0 = Release|Any CPU
	EndGlobalSection
	GlobalSection(SolutionProperties) = preSolution
		HideSolutionNode = FALSE
	EndGlobalSection
	GlobalSection(ExtensibilityGlobals) = postSolution
		SolutionGuid = {7DC5FC5C-04CB-4F33-9C36-5DB06D39D541}
	EndGlobalSection
EndGlobal
